// !$*UTF8*$!
{
	archiveVersion = 1;
	classes = {
	};
	objectVersion = 46;
	objects = {

/* Begin PBXBuildFile section */
		1FA288C11DE5D18A009D83D7 /* AppDelegate.swift in Sources */ = {isa = PBXBuildFile; fileRef = 1FA288C01DE5D18A009D83D7 /* AppDelegate.swift */; };
		1FA288C31DE5D18A009D83D7 /* ViewController.swift in Sources */ = {isa = PBXBuildFile; fileRef = 1FA288C21DE5D18A009D83D7 /* ViewController.swift */; };
		1FA288C61DE5D18A009D83D7 /* Main.storyboard in Resources */ = {isa = PBXBuildFile; fileRef = 1FA288C41DE5D18A009D83D7 /* Main.storyboard */; };
		1FA288C81DE5D18A009D83D7 /* Assets.xcassets in Resources */ = {isa = PBXBuildFile; fileRef = 1FA288C71DE5D18A009D83D7 /* Assets.xcassets */; };
		1FA288CB1DE5D18A009D83D7 /* LaunchScreen.storyboard in Resources */ = {isa = PBXBuildFile; fileRef = 1FA288C91DE5D18A009D83D7 /* LaunchScreen.storyboard */; };
		1FA288D61DE5D18B009D83D7 /* PitchPerfectTests.swift in Sources */ = {isa = PBXBuildFile; fileRef = 1FA288D51DE5D18B009D83D7 /* PitchPerfectTests.swift */; };
		1FA288E11DE5D18B009D83D7 /* PitchPerfectUITests.swift in Sources */ = {isa = PBXBuildFile; fileRef = 1FA288E01DE5D18B009D83D7 /* PitchPerfectUITests.swift */; };
/* End PBXBuildFile section */

/* Begin PBXContainerItemProxy section */
		1FA288D21DE5D18B009D83D7 /* PBXContainerItemProxy */ = {
			isa = PBXContainerItemProxy;
			containerPortal = 1FA288B51DE5D189009D83D7 /* Project object */;
			proxyType = 1;
			remoteGlobalIDString = 1FA288BC1DE5D189009D83D7;
			remoteInfo = PitchPerfect;
		};
		1FA288DD1DE5D18B009D83D7 /* PBXContainerItemProxy */ = {
			isa = PBXContainerItemProxy;
			containerPortal = 1FA288B51DE5D189009D83D7 /* Project object */;
			proxyType = 1;
			remoteGlobalIDString = 1FA288BC1DE5D189009D83D7;
			remoteInfo = PitchPerfect;
		};
/* End PBXContainerItemProxy section */

/* Begin PBXFileReference section */
		1FA288BD1DE5D18A009D83D7 /* PitchPerfect.app */ = {isa = PBXFileReference; explicitFileType = wrapper.application; includeInIndex = 0; path = PitchPerfect.app; sourceTree = BUILT_PRODUCTS_DIR; };
		1FA288C01DE5D18A009D83D7 /* AppDelegate.swift */ = {isa = PBXFileReference; lastKnownFileType = sourcecode.swift; path = AppDelegate.swift; sourceTree = "<group>"; };
		1FA288C21DE5D18A009D83D7 /* ViewController.swift */ = {isa = PBXFileReference; lastKnownFileType = sourcecode.swift; path = ViewController.swift; sourceTree = "<group>"; };
		1FA288C51DE5D18A009D83D7 /* Base */ = {isa = PBXFileReference; lastKnownFileType = file.storyboard; name = Base; path = Base.lproj/Main.storyboard; sourceTree = "<group>"; };
		1FA288C71DE5D18A009D83D7 /* Assets.xcassets */ = {isa = PBXFileReference; lastKnownFileType = folder.assetcatalog; path = Assets.xcassets; sourceTree = "<group>"; };
		1FA288CA1DE5D18A009D83D7 /* Base */ = {isa = PBXFileReference; lastKnownFileType = file.storyboard; name = Base; path = Base.lproj/LaunchScreen.storyboard; sourceTree = "<group>"; };
		1FA288CC1DE5D18A009D83D7 /* Info.plist */ = {isa = PBXFileReference; lastKnownFileType = text.plist.xml; path = Info.plist; sourceTree = "<group>"; };
		1FA288D11DE5D18B009D83D7 /* PitchPerfectTests.xctest */ = {isa = PBXFileReference; explicitFileType = wrapper.cfbundle; includeInIndex = 0; path = PitchPerfectTests.xctest; sourceTree = BUILT_PRODUCTS_DIR; };
		1FA288D51DE5D18B009D83D7 /* PitchPerfectTests.swift */ = {isa = PBXFileReference; lastKnownFileType = sourcecode.swift; path = PitchPerfectTests.swift; sourceTree = "<group>"; };
		1FA288D71DE5D18B009D83D7 /* Info.plist */ = {isa = PBXFileReference; lastKnownFileType = text.plist.xml; path = Info.plist; sourceTree = "<group>"; };
		1FA288DC1DE5D18B009D83D7 /* PitchPerfectUITests.xctest */ = {isa = PBXFileReference; explicitFileType = wrapper.cfbundle; includeInIndex = 0; path = PitchPerfectUITests.xctest; sourceTree = BUILT_PRODUCTS_DIR; };
		1FA288E01DE5D18B009D83D7 /* PitchPerfectUITests.swift */ = {isa = PBXFileReference; lastKnownFileType = sourcecode.swift; path = PitchPerfectUITests.swift; sourceTree = "<group>"; };
		1FA288E21DE5D18B009D83D7 /* Info.plist */ = {isa = PBXFileReference; lastKnownFileType = text.plist.xml; path = Info.plist; sourceTree = "<group>"; };
/* End PBXFileReference section */

/* Begin PBXFrameworksBuildPhase section */
		1FA288BA1DE5D189009D83D7 /* Frameworks */ = {
			isa = PBXFrameworksBuildPhase;
			buildActionMask = 2147483647;
			files = (
			);
			runOnlyForDeploymentPostprocessing = 0;
		};
		1FA288CE1DE5D18B009D83D7 /* Frameworks */ = {
			isa = PBXFrameworksBuildPhase;
			buildActionMask = 2147483647;
			files = (
			);
			runOnlyForDeploymentPostprocessing = 0;
		};
		1FA288D91DE5D18B009D83D7 /* Frameworks */ = {
			isa = PBXFrameworksBuildPhase;
			buildActionMask = 2147483647;
			files = (
			);
			runOnlyForDeploymentPostprocessing = 0;
		};
/* End PBXFrameworksBuildPhase section */

/* Begin PBXGroup section */
		1FA288B41DE5D189009D83D7 = {
			isa = PBXGroup;
			children = (
				1FA288BF1DE5D18A009D83D7 /* PitchPerfect */,
				1FA288D41DE5D18B009D83D7 /* PitchPerfectTests */,
				1FA288DF1DE5D18B009D83D7 /* PitchPerfectUITests */,
				1FA288BE1DE5D18A009D83D7 /* Products */,
			);
			sourceTree = "<group>";
		};
		1FA288BE1DE5D18A009D83D7 /* Products */ = {
			isa = PBXGroup;
			children = (
				1FA288BD1DE5D18A009D83D7 /* PitchPerfect.app */,
				1FA288D11DE5D18B009D83D7 /* PitchPerfectTests.xctest */,
				1FA288DC1DE5D18B009D83D7 /* PitchPerfectUITests.xctest */,
			);
			name = Products;
			sourceTree = "<group>";
		};
		1FA288BF1DE5D18A009D83D7 /* PitchPerfect */ = {
			isa = PBXGroup;
			children = (
				1FA288C01DE5D18A009D83D7 /* AppDelegate.swift */,
				1FA288C21DE5D18A009D83D7 /* ViewController.swift */,
				1FA288C41DE5D18A009D83D7 /* Main.storyboard */,
				1FA288C71DE5D18A009D83D7 /* Assets.xcassets */,
				1FA288C91DE5D18A009D83D7 /* LaunchScreen.storyboard */,
				1FA288CC1DE5D18A009D83D7 /* Info.plist */,
			);
			path = PitchPerfect;
			sourceTree = "<group>";
		};
		1FA288D41DE5D18B009D83D7 /* PitchPerfectTests */ = {
			isa = PBXGroup;
			children = (
				1FA288D51DE5D18B009D83D7 /* PitchPerfectTests.swift */,
				1FA288D71DE5D18B009D83D7 /* Info.plist */,
			);
			path = PitchPerfectTests;
			sourceTree = "<group>";
		};
		1FA288DF1DE5D18B009D83D7 /* PitchPerfectUITests */ = {
			isa = PBXGroup;
			children = (
				1FA288E01DE5D18B009D83D7 /* PitchPerfectUITests.swift */,
				1FA288E21DE5D18B009D83D7 /* Info.plist */,
			);
			path = PitchPerfectUITests;
			sourceTree = "<group>";
		};
/* End PBXGroup section */

/* Begin PBXNativeTarget section */
		1FA288BC1DE5D189009D83D7 /* PitchPerfect */ = {
			isa = PBXNativeTarget;
			buildConfigurationList = 1FA288E51DE5D18B009D83D7 /* Build configuration list for PBXNativeTarget "PitchPerfect" */;
			buildPhases = (
				1FA288B91DE5D189009D83D7 /* Sources */,
				1FA288BA1DE5D189009D83D7 /* Frameworks */,
				1FA288BB1DE5D189009D83D7 /* Resources */,
			);
			buildRules = (
			);
			dependencies = (
			);
			name = PitchPerfect;
			productName = PitchPerfect;
			productReference = 1FA288BD1DE5D18A009D83D7 /* PitchPerfect.app */;
			productType = "com.apple.product-type.application";
		};
		1FA288D01DE5D18B009D83D7 /* PitchPerfectTests */ = {
			isa = PBXNativeTarget;
			buildConfigurationList = 1FA288E81DE5D18B009D83D7 /* Build configuration list for PBXNativeTarget "PitchPerfectTests" */;
			buildPhases = (
				1FA288CD1DE5D18B009D83D7 /* Sources */,
				1FA288CE1DE5D18B009D83D7 /* Frameworks */,
				1FA288CF1DE5D18B009D83D7 /* Resources */,
			);
			buildRules = (
			);
			dependencies = (
				1FA288D31DE5D18B009D83D7 /* PBXTargetDependency */,
			);
			name = PitchPerfectTests;
			productName = PitchPerfectTests;
			productReference = 1FA288D11DE5D18B009D83D7 /* PitchPerfectTests.xctest */;
			productType = "com.apple.product-type.bundle.unit-test";
		};
		1FA288DB1DE5D18B009D83D7 /* PitchPerfectUITests */ = {
			isa = PBXNativeTarget;
			buildConfigurationList = 1FA288EB1DE5D18B009D83D7 /* Build configuration list for PBXNativeTarget "PitchPerfectUITests" */;
			buildPhases = (
				1FA288D81DE5D18B009D83D7 /* Sources */,
				1FA288D91DE5D18B009D83D7 /* Frameworks */,
				1FA288DA1DE5D18B009D83D7 /* Resources */,
			);
			buildRules = (
			);
			dependencies = (
				1FA288DE1DE5D18B009D83D7 /* PBXTargetDependency */,
			);
			name = PitchPerfectUITests;
			productName = PitchPerfectUITests;
			productReference = 1FA288DC1DE5D18B009D83D7 /* PitchPerfectUITests.xctest */;
			productType = "com.apple.product-type.bundle.ui-testing";
		};
/* End PBXNativeTarget section */

/* Begin PBXProject section */
		1FA288B51DE5D189009D83D7 /* Project object */ = {
			isa = PBXProject;
			attributes = {
				LastSwiftUpdateCheck = 0800;
				LastUpgradeCheck = 0800;
				ORGANIZATIONNAME = "Roxana Cristiana Gheorghe";
				TargetAttributes = {
					1FA288BC1DE5D189009D83D7 = {
						CreatedOnToolsVersion = 8.0;
						ProvisioningStyle = Automatic;
					};
					1FA288D01DE5D18B009D83D7 = {
						CreatedOnToolsVersion = 8.0;
						ProvisioningStyle = Automatic;
						TestTargetID = 1FA288BC1DE5D189009D83D7;
					};
					1FA288DB1DE5D18B009D83D7 = {
						CreatedOnToolsVersion = 8.0;
						ProvisioningStyle = Automatic;
						TestTargetID = 1FA288BC1DE5D189009D83D7;
					};
				};
			};
			buildConfigurationList = 1FA288B81DE5D189009D83D7 /* Build configuration list for PBXProject "PitchPerfect" */;
			compatibilityVersion = "Xcode 3.2";
			developmentRegion = English;
			hasScannedForEncodings = 0;
			knownRegions = (
				en,
				Base,
			);
			mainGroup = 1FA288B41DE5D189009D83D7;
			productRefGroup = 1FA288BE1DE5D18A009D83D7 /* Products */;
			projectDirPath = "";
			projectRoot = "";
			targets = (
				1FA288BC1DE5D189009D83D7 /* PitchPerfect */,
				1FA288D01DE5D18B009D83D7 /* PitchPerfectTests */,
				1FA288DB1DE5D18B009D83D7 /* PitchPerfectUITests */,
			);
		};
/* End PBXProject section */

/* Begin PBXResourcesBuildPhase section */
		1FA288BB1DE5D189009D83D7 /* Resources */ = {
			isa = PBXResourcesBuildPhase;
			buildActionMask = 2147483647;
			files = (
				1FA288CB1DE5D18A009D83D7 /* LaunchScreen.storyboard in Resources */,
				1FA288C81DE5D18A009D83D7 /* Assets.xcassets in Resources */,
				1FA288C61DE5D18A009D83D7 /* Main.storyboard in Resources */,
			);
			runOnlyForDeploymentPostprocessing = 0;
		};
		1FA288CF1DE5D18B009D83D7 /* Resources */ = {
			isa = PBXResourcesBuildPhase;
			buildActionMask = 2147483647;
			files = (
			);
			runOnlyForDeploymentPostprocessing = 0;
		};
		1FA288DA1DE5D18B009D83D7 /* Resources */ = {
			isa = PBXResourcesBuildPhase;
			buildActionMask = 2147483647;
			files = (
			);
			runOnlyForDeploymentPostprocessing = 0;
		};
/* End PBXResourcesBuildPhase section */

/* Begin PBXSourcesBuildPhase section */
		1FA288B91DE5D189009D83D7 /* Sources */ = {
			isa = PBXSourcesBuildPhase;
			buildActionMask = 2147483647;
			files = (
				1FA288C31DE5D18A009D83D7 /* ViewController.swift in Sources */,
				1FA288C11DE5D18A009D83D7 /* AppDelegate.swift in Sources */,
			);
			runOnlyForDeploymentPostprocessing = 0;
		};
		1FA288CD1DE5D18B009D83D7 /* Sources */ = {
			isa = PBXSourcesBuildPhase;
			buildActionMask = 2147483647;
			files = (
				1FA288D61DE5D18B009D83D7 /* PitchPerfectTests.swift in Sources */,
			);
			runOnlyForDeploymentPostprocessing = 0;
		};
		1FA288D81DE5D18B009D83D7 /* Sources */ = {
			isa = PBXSourcesBuildPhase;
			buildActionMask = 2147483647;
			files = (
				1FA288E11DE5D18B009D83D7 /* PitchPerfectUITests.swift in Sources */,
			);
			runOnlyForDeploymentPostprocessing = 0;
		};
/* End PBXSourcesBuildPhase section */

/* Begin PBXTargetDependency section */
		1FA288D31DE5D18B009D83D7 /* PBXTargetDependency */ = {
			isa = PBXTargetDependency;
			target = 1FA288BC1DE5D189009D83D7 /* PitchPerfect */;
			targetProxy = 1FA288D21DE5D18B009D83D7 /* PBXContainerItemProxy */;
		};
		1FA288DE1DE5D18B009D83D7 /* PBXTargetDependency */ = {
			isa = PBXTargetDependency;
			target = 1FA288BC1DE5D189009D83D7 /* PitchPerfect */;
			targetProxy = 1FA288DD1DE5D18B009D83D7 /* PBXContainerItemProxy */;
		};
/* End PBXTargetDependency section */

/* Begin PBXVariantGroup section */
		1FA288C41DE5D18A009D83D7 /* Main.storyboard */ = {
			isa = PBXVariantGroup;
			children = (
				1FA288C51DE5D18A009D83D7 /* Base */,
			);
			name = Main.storyboard;
			sourceTree = "<group>";
		};
		1FA288C91DE5D18A009D83D7 /* LaunchScreen.storyboard */ = {
			isa = PBXVariantGroup;
			children = (
				1FA288CA1DE5D18A009D83D7 /* Base */,
			);
			name = LaunchScreen.storyboard;
			sourceTree = "<group>";
		};
/* End PBXVariantGroup section */

/* Begin XCBuildConfiguration section */
		1FA288E31DE5D18B009D83D7 /* Debug */ = {
			isa = XCBuildConfiguration;
			buildSettings = {
				ALWAYS_SEARCH_USER_PATHS = NO;
				CLANG_ANALYZER_NONNULL = YES;
				CLANG_CXX_LANGUAGE_STANDARD = "gnu++0x";
				CLANG_CXX_LIBRARY = "libc++";
				CLANG_ENABLE_MODULES = YES;
				CLANG_ENABLE_OBJC_ARC = YES;
				CLANG_WARN_BOOL_CONVERSION = YES;
				CLANG_WARN_CONSTANT_CONVERSION = YES;
				CLANG_WARN_DIRECT_OBJC_ISA_USAGE = YES_ERROR;
				CLANG_WARN_DOCUMENTATION_COMMENTS = YES;
				CLANG_WARN_EMPTY_BODY = YES;
				CLANG_WARN_ENUM_CONVERSION = YES;
				CLANG_WARN_INFINITE_RECURSION = YES;
				CLANG_WARN_INT_CONVERSION = YES;
				CLANG_WARN_OBJC_ROOT_CLASS = YES_ERROR;
				CLANG_WARN_SUSPICIOUS_MOVES = YES;
				CLANG_WARN_UNREACHABLE_CODE = YES;
				CLANG_WARN__DUPLICATE_METHOD_MATCH = YES;
				"CODE_SIGN_IDENTITY[sdk=iphoneos*]" = "iPhone Developer";
				COPY_PHASE_STRIP = NO;
				DEBUG_INFORMATION_FORMAT = dwarf;
				ENABLE_STRICT_OBJC_MSGSEND = YES;
				ENABLE_TESTABILITY = YES;
				GCC_C_LANGUAGE_STANDARD = gnu99;
				GCC_DYNAMIC_NO_PIC = NO;
				GCC_NO_COMMON_BLOCKS = YES;
				GCC_OPTIMIZATION_LEVEL = 0;
				GCC_PREPROCESSOR_DEFINITIONS = (
					"DEBUG=1",
					"$(inherited)",
				);
				GCC_WARN_64_TO_32_BIT_CONVERSION = YES;
				GCC_WARN_ABOUT_RETURN_TYPE = YES_ERROR;
				GCC_WARN_UNDECLARED_SELECTOR = YES;
				GCC_WARN_UNINITIALIZED_AUTOS = YES_AGGRESSIVE;
				GCC_WARN_UNUSED_FUNCTION = YES;
				GCC_WARN_UNUSED_VARIABLE = YES;
				IPHONEOS_DEPLOYMENT_TARGET = 10.0;
				MTL_ENABLE_DEBUG_INFO = YES;
				ONLY_ACTIVE_ARCH = YES;
				SDKROOT = iphoneos;
				SWIFT_ACTIVE_COMPILATION_CONDITIONS = DEBUG;
				SWIFT_OPTIMIZATION_LEVEL = "-Onone";
			};
			name = Debug;
		};
		1FA288E41DE5D18B009D83D7 /* Release */ = {
			isa = XCBuildConfiguration;
			buildSettings = {
				ALWAYS_SEARCH_USER_PATHS = NO;
				CLANG_ANALYZER_NONNULL = YES;
				CLANG_CXX_LANGUAGE_STANDARD = "gnu++0x";
				CLANG_CXX_LIBRARY = "libc++";
				CLANG_ENABLE_MODULES = YES;
				CLANG_ENABLE_OBJC_ARC = YES;
				CLANG_WARN_BOOL_CONVERSION = YES;
				CLANG_WARN_CONSTANT_CONVERSION = YES;
				CLANG_WARN_DIRECT_OBJC_ISA_USAGE = YES_ERROR;
				CLANG_WARN_DOCUMENTATION_COMMENTS = YES;
				CLANG_WARN_EMPTY_BODY = YES;
				CLANG_WARN_ENUM_CONVERSION = YES;
				CLANG_WARN_INFINITE_RECURSION = YES;
				CLANG_WARN_INT_CONVERSION = YES;
				CLANG_WARN_OBJC_ROOT_CLASS = YES_ERROR;
				CLANG_WARN_SUSPICIOUS_MOVES = YES;
				CLANG_WARN_UNREACHABLE_CODE = YES;
				CLANG_WARN__DUPLICATE_METHOD_MATCH = YES;
				"CODE_SIGN_IDENTITY[sdk=iphoneos*]" = "iPhone Developer";
				COPY_PHASE_STRIP = NO;
				DEBUG_INFORMATION_FORMAT = "dwarf-with-dsym";
				ENABLE_NS_ASSERTIONS = NO;
				ENABLE_STRICT_OBJC_MSGSEND = YES;
				GCC_C_LANGUAGE_STANDARD = gnu99;
				GCC_NO_COMMON_BLOCKS = YES;
				GCC_WARN_64_TO_32_BIT_CONVERSION = YES;
				GCC_WARN_ABOUT_RETURN_TYPE = YES_ERROR;
				GCC_WARN_UNDECLARED_SELECTOR = YES;
				GCC_WARN_UNINITIALIZED_AUTOS = YES_AGGRESSIVE;
				GCC_WARN_UNUSED_FUNCTION = YES;
				GCC_WARN_UNUSED_VARIABLE = YES;
				IPHONEOS_DEPLOYMENT_TARGET = 10.0;
				MTL_ENABLE_DEBUG_INFO = NO;
				SDKROOT = iphoneos;
				SWIFT_OPTIMIZATION_LEVEL = "-Owholemodule";
				VALIDATE_PRODUCT = YES;
			};
			name = Release;
		};
		1FA288E61DE5D18B009D83D7 /* Debug */ = {
			isa = XCBuildConfiguration;
			buildSettings = {
				ASSETCATALOG_COMPILER_APPICON_NAME = AppIcon;
				INFOPLIST_FILE = PitchPerfect/Info.plist;
				LD_RUNPATH_SEARCH_PATHS = "$(inherited) @executable_path/Frameworks";
				PRODUCT_BUNDLE_IDENTIFIER = com.RoxanaGheorghe.PitchPerfect;
				PRODUCT_NAME = "$(TARGET_NAME)";
				SWIFT_VERSION = 3.0;
			};
			name = Debug;
		};
		1FA288E71DE5D18B009D83D7 /* Release */ = {
			isa = XCBuildConfiguration;
			buildSettings = {
				ASSETCATALOG_COMPILER_APPICON_NAME = AppIcon;
				INFOPLIST_FILE = PitchPerfect/Info.plist;
				LD_RUNPATH_SEARCH_PATHS = "$(inherited) @executable_path/Frameworks";
				PRODUCT_BUNDLE_IDENTIFIER = com.RoxanaGheorghe.PitchPerfect;
				PRODUCT_NAME = "$(TARGET_NAME)";
				SWIFT_VERSION = 3.0;
			};
			name = Release;
		};
		1FA288E91DE5D18B009D83D7 /* Debug */ = {
			isa = XCBuildConfiguration;
			buildSettings = {
				ALWAYS_EMBED_SWIFT_STANDARD_LIBRARIES = YES;
				BUNDLE_LOADER = "$(TEST_HOST)";
				INFOPLIST_FILE = PitchPerfectTests/Info.plist;
				LD_RUNPATH_SEARCH_PATHS = "$(inherited) @executable_path/Frameworks @loader_path/Frameworks";
				PRODUCT_BUNDLE_IDENTIFIER = com.RoxanaGheorghe.PitchPerfectTests;
				PRODUCT_NAME = "$(TARGET_NAME)";
				SWIFT_VERSION = 3.0;
				TEST_HOST = "$(BUILT_PRODUCTS_DIR)/PitchPerfect.app/PitchPerfect";
			};
			name = Debug;
		};
		1FA288EA1DE5D18B009D83D7 /* Release */ = {
			isa = XCBuildConfiguration;
			buildSettings = {
				ALWAYS_EMBED_SWIFT_STANDARD_LIBRARIES = YES;
				BUNDLE_LOADER = "$(TEST_HOST)";
				INFOPLIST_FILE = PitchPerfectTests/Info.plist;
				LD_RUNPATH_SEARCH_PATHS = "$(inherited) @executable_path/Frameworks @loader_path/Frameworks";
				PRODUCT_BUNDLE_IDENTIFIER = com.RoxanaGheorghe.PitchPerfectTests;
				PRODUCT_NAME = "$(TARGET_NAME)";
				SWIFT_VERSION = 3.0;
				TEST_HOST = "$(BUILT_PRODUCTS_DIR)/PitchPerfect.app/PitchPerfect";
			};
			name = Release;
		};
		1FA288EC1DE5D18B009D83D7 /* Debug */ = {
			isa = XCBuildConfiguration;
			buildSettings = {
				ALWAYS_EMBED_SWIFT_STANDARD_LIBRARIES = YES;
				INFOPLIST_FILE = PitchPerfectUITests/Info.plist;
				LD_RUNPATH_SEARCH_PATHS = "$(inherited) @executable_path/Frameworks @loader_path/Frameworks";
				PRODUCT_BUNDLE_IDENTIFIER = com.RoxanaGheorghe.PitchPerfectUITests;
				PRODUCT_NAME = "$(TARGET_NAME)";
				SWIFT_VERSION = 3.0;
				TEST_TARGET_NAME = PitchPerfect;
			};
			name = Debug;
		};
		1FA288ED1DE5D18B009D83D7 /* Release */ = {
			isa = XCBuildConfiguration;
			buildSettings = {
				ALWAYS_EMBED_SWIFT_STANDARD_LIBRARIES = YES;
				INFOPLIST_FILE = PitchPerfectUITests/Info.plist;
				LD_RUNPATH_SEARCH_PATHS = "$(inherited) @executable_path/Frameworks @loader_path/Frameworks";
				PRODUCT_BUNDLE_IDENTIFIER = com.RoxanaGheorghe.PitchPerfectUITests;
				PRODUCT_NAME = "$(TARGET_NAME)";
				SWIFT_VERSION = 3.0;
				TEST_TARGET_NAME = PitchPerfect;
			};
			name = Release;
		};
/* End XCBuildConfiguration section */

/* Begin XCConfigurationList section */
		1FA288B81DE5D189009D83D7 /* Build configuration list for PBXProject "PitchPerfect" */ = {
			isa = XCConfigurationList;
			buildConfigurations = (
				1FA288E31DE5D18B009D83D7 /* Debug */,
				1FA288E41DE5D18B009D83D7 /* Release */,
			);
			defaultConfigurationIsVisible = 0;
			defaultConfigurationName = Release;
		};
		1FA288E51DE5D18B009D83D7 /* Build configuration list for PBXNativeTarget "PitchPerfect" */ = {
			isa = XCConfigurationList;
			buildConfigurations = (
				1FA288E61DE5D18B009D83D7 /* Debug */,
				1FA288E71DE5D18B009D83D7 /* Release */,
			);
			defaultConfigurationIsVisible = 0;
		};
		1FA288E81DE5D18B009D83D7 /* Build configuration list for PBXNativeTarget "PitchPerfectTests" */ = {
			isa = XCConfigurationList;
			buildConfigurations = (
				1FA288E91DE5D18B009D83D7 /* Debug */,
				1FA288EA1DE5D18B009D83D7 /* Release */,
			);
			defaultConfigurationIsVisible = 0;
		};
		1FA288EB1DE5D18B009D83D7 /* Build configuration list for PBXNativeTarget "PitchPerfectUITests" */ = {
			isa = XCConfigurationList;
			buildConfigurations = (
				1FA288EC1DE5D18B009D83D7 /* Debug */,
				1FA288ED1DE5D18B009D83D7 /* Release */,
			);
			defaultConfigurationIsVisible = 0;
		};
/* End XCConfigurationList section */
	};
	rootObject = 1FA288B51DE5D189009D83D7 /* Project object */;
}
